Microsoft Visual Studio Solution File, Format Version 12.00
# Visual Studio Version 17
VisualStudioVersion = 17.5.2.0
MinimumVisualStudioVersion = 10.0.40219.1
Project("{FAE04EC0-301F-11D3-BF4B-00C04F79EFBC}") = "Ceng382_week5", "Ceng382_week5\Ceng382_week5.csproj", "{ACA7B3BA-A397-F734-4707-1342260825B0}"
EndProject
Global
	GlobalSection(SolutionConfigurationPlatforms) = preSolution
		Debug|Any CPU = Debug|Any CPU
		Release|Any CPU = Release|Any CPU
	EndGlobalSection
	GlobalSection(ProjectConfigurationPlatforms) = postSolution
		{ACA7B3BA-A397-F734-4707-1342260825B0}.Debug|Any CPU.ActiveCfg = Debug|Any CPU
		{ACA7B3BA-A397-F734-4707-1342260825B0}.Debug|Any CPU.Build.0 = Debug|Any CPU
		{ACA7B3BA-A397-F734-4707-1342260825B0}.Release|Any CPU.ActiveCfg = Release|Any CPU
		{ACA7B3BA-A397-F734-4707-1342260825B0}.Release|Any CPU.Build.0 = Release|Any CPU
	EndGlobalSection
	GlobalSection(SolutionProperties) = preSolution
		HideSolutionNode = FALSE
	EndGlobalSection
	GlobalSection(ExtensibilityGlobals) = postSolution
		SolutionGuid = {78337CD0-CAB7-4421-9868-9ECAD6309D78}
	EndGlobalSection
EndGlobal
